// !$*UTF8*$!
{
	archiveVersion = 1;
	classes = {
	};
	objectVersion = 56;
	objects = {

/* Begin PBXBuildFile section */
		739391C42B83A80B0000B848 /* AppDelegate.swift in Sources */ = {isa = PBXBuildFile; fileRef = 739391C32B83A80B0000B848 /* AppDelegate.swift */; };
		739391C62B83A80B0000B848 /* SceneDelegate.swift in Sources */ = {isa = PBXBuildFile; fileRef = 739391C52B83A80B0000B848 /* SceneDelegate.swift */; };
		739391C82B83A80B0000B848 /* ViewController.swift in Sources */ = {isa = PBXBuildFile; fileRef = 739391C72B83A80B0000B848 /* ViewController.swift */; };
		739391CB2B83A80B0000B848 /* Main.storyboard in Resources */ = {isa = PBXBuildFile; fileRef = 739391C92B83A80B0000B848 /* Main.storyboard */; };
		739391CD2B83A80D0000B848 /* Assets.xcassets in Resources */ = {isa = PBXBuildFile; fileRef = 739391CC2B83A80D0000B848 /* Assets.xcassets */; };
		739391D02B83A80D0000B848 /* LaunchScreen.storyboard in Resources */ = {isa = PBXBuildFile; fileRef = 739391CE2B83A80D0000B848 /* LaunchScreen.storyboard */; };
		739391DC2B83B4900000B848 /* CountryModel.swift in Sources */ = {isa = PBXBuildFile; fileRef = 739391DB2B83B4900000B848 /* CountryModel.swift */; };
		739391DE2B83B4C30000B848 /* ContrySearchModel.swift in Sources */ = {isa = PBXBuildFile; fileRef = 739391DD2B83B4C30000B848 /* ContrySearchModel.swift */; };
		739391E02B83B8000000B848 /* NetworkCountry.swift in Sources */ = {isa = PBXBuildFile; fileRef = 739391DF2B83B8000000B848 /* NetworkCountry.swift */; };
		739391E22B83BF430000B848 /* CountryViewModel.swift in Sources */ = {isa = PBXBuildFile; fileRef = 739391E12B83BF430000B848 /* CountryViewModel.swift */; };
		73CC64E72B8683E600DD72D5 /* CeldaViewCell.swift in Sources */ = {isa = PBXBuildFile; fileRef = 73CC64E52B8683E600DD72D5 /* CeldaViewCell.swift */; };
		73CC64E82B8683E600DD72D5 /* CeldaViewCell.xib in Resources */ = {isa = PBXBuildFile; fileRef = 73CC64E62B8683E600DD72D5 /* CeldaViewCell.xib */; };
		73CC64EA2B868BE000DD72D5 /* NetworkSearchCountry.swift in Sources */ = {isa = PBXBuildFile; fileRef = 73CC64E92B868BE000DD72D5 /* NetworkSearchCountry.swift */; };
		73CC64EC2B868EED00DD72D5 /* SearchCountryViewModel.swift in Sources */ = {isa = PBXBuildFile; fileRef = 73CC64EB2B868EED00DD72D5 /* SearchCountryViewModel.swift */; };
		73CC64F02B86A86B00DD72D5 /* DetalleViewController.swift in Sources */ = {isa = PBXBuildFile; fileRef = 73CC64EF2B86A86A00DD72D5 /* DetalleViewController.swift */; };
/* End PBXBuildFile section */

/* Begin PBXFileReference section */
		739391C02B83A80B0000B848 /* SearchCountry.app */ = {isa = PBXFileReference; explicitFileType = wrapper.application; includeInIndex = 0; path = SearchCountry.app; sourceTree = BUILT_PRODUCTS_DIR; };
		739391C32B83A80B0000B848 /* AppDelegate.swift */ = {isa = PBXFileReference; lastKnownFileType = sourcecode.swift; path = AppDelegate.swift; sourceTree = "<group>"; };
		739391C52B83A80B0000B848 /* SceneDelegate.swift */ = {isa = PBXFileReference; lastKnownFileType = sourcecode.swift; path = SceneDelegate.swift; sourceTree = "<group>"; };
		739391C72B83A80B0000B848 /* ViewController.swift */ = {isa = PBXFileReference; lastKnownFileType = sourcecode.swift; path = ViewController.swift; sourceTree = "<group>"; };
		739391CA2B83A80B0000B848 /* Base */ = {isa = PBXFileReference; lastKnownFileType = file.storyboard; name = Base; path = Base.lproj/Main.storyboard; sourceTree = "<group>"; };
		739391CC2B83A80D0000B848 /* Assets.xcassets */ = {isa = PBXFileReference; lastKnownFileType = folder.assetcatalog; path = Assets.xcassets; sourceTree = "<group>"; };
		739391CF2B83A80D0000B848 /* Base */ = {isa = PBXFileReference; lastKnownFileType = file.storyboard; name = Base; path = Base.lproj/LaunchScreen.storyboard; sourceTree = "<group>"; };
		739391D12B83A80D0000B848 /* Info.plist */ = {isa = PBXFileReference; lastKnownFileType = text.plist.xml; path = Info.plist; sourceTree = "<group>"; };
		739391DB2B83B4900000B848 /* CountryModel.swift */ = {isa = PBXFileReference; lastKnownFileType = sourcecode.swift; path = CountryModel.swift; sourceTree = "<group>"; };
		739391DD2B83B4C30000B848 /* ContrySearchModel.swift */ = {isa = PBXFileReference; lastKnownFileType = sourcecode.swift; path = ContrySearchModel.swift; sourceTree = "<group>"; };
		739391DF2B83B8000000B848 /* NetworkCountry.swift */ = {isa = PBXFileReference; lastKnownFileType = sourcecode.swift; path = NetworkCountry.swift; sourceTree = "<group>"; };
		739391E12B83BF430000B848 /* CountryViewModel.swift */ = {isa = PBXFileReference; lastKnownFileType = sourcecode.swift; path = CountryViewModel.swift; sourceTree = "<group>"; };
		73CC64E52B8683E600DD72D5 /* CeldaViewCell.swift */ = {isa = PBXFileReference; lastKnownFileType = sourcecode.swift; path = CeldaViewCell.swift; sourceTree = "<group>"; };
		73CC64E62B8683E600DD72D5 /* CeldaViewCell.xib */ = {isa = PBXFileReference; lastKnownFileType = file.xib; path = CeldaViewCell.xib; sourceTree = "<group>"; };
		73CC64E92B868BE000DD72D5 /* NetworkSearchCountry.swift */ = {isa = PBXFileReference; lastKnownFileType = sourcecode.swift; path = NetworkSearchCountry.swift; sourceTree = "<group>"; };
		73CC64EB2B868EED00DD72D5 /* SearchCountryViewModel.swift */ = {isa = PBXFileReference; lastKnownFileType = sourcecode.swift; path = SearchCountryViewModel.swift; sourceTree = "<group>"; };
		73CC64EF2B86A86A00DD72D5 /* DetalleViewController.swift */ = {isa = PBXFileReference; lastKnownFileType = sourcecode.swift; path = DetalleViewController.swift; sourceTree = "<group>"; };
/* End PBXFileReference section */

/* Begin PBXFrameworksBuildPhase section */
		739391BD2B83A80B0000B848 /* Frameworks */ = {
			isa = PBXFrameworksBuildPhase;
			buildActionMask = 2147483647;
			files = (
			);
			runOnlyForDeploymentPostprocessing = 0;
		};
/* End PBXFrameworksBuildPhase section */

/* Begin PBXGroup section */
		739391B72B83A80B0000B848 = {
			isa = PBXGroup;
			children = (
				739391C22B83A80B0000B848 /* SearchCountry */,
				739391C12B83A80B0000B848 /* Products */,
			);
			sourceTree = "<group>";
		};
		739391C12B83A80B0000B848 /* Products */ = {
			isa = PBXGroup;
			children = (
				739391C02B83A80B0000B848 /* SearchCountry.app */,
			);
			name = Products;
			sourceTree = "<group>";
		};
		739391C22B83A80B0000B848 /* SearchCountry */ = {
			isa = PBXGroup;
			children = (
				739391DA2B83B1FE0000B848 /* NetworkManager */,
				739391D72B83B1670000B848 /* Model */,
				739391D92B83B1930000B848 /* View */,
				739391D82B83B1820000B848 /* ViewModel */,
				739391C32B83A80B0000B848 /* AppDelegate.swift */,
				739391C52B83A80B0000B848 /* SceneDelegate.swift */,
				739391CC2B83A80D0000B848 /* Assets.xcassets */,
				739391CE2B83A80D0000B848 /* LaunchScreen.storyboard */,
				739391D12B83A80D0000B848 /* Info.plist */,
			);
			path = SearchCountry;
			sourceTree = "<group>";
		};
		739391D72B83B1670000B848 /* Model */ = {
			isa = PBXGroup;
			children = (
				739391DB2B83B4900000B848 /* CountryModel.swift */,
				739391DD2B83B4C30000B848 /* ContrySearchModel.swift */,
			);
			path = Model;
			sourceTree = "<group>";
		};
		739391D82B83B1820000B848 /* ViewModel */ = {
			isa = PBXGroup;
			children = (
				739391E12B83BF430000B848 /* CountryViewModel.swift */,
				73CC64EB2B868EED00DD72D5 /* SearchCountryViewModel.swift */,
			);
			path = ViewModel;
			sourceTree = "<group>";
		};
		739391D92B83B1930000B848 /* View */ = {
			isa = PBXGroup;
			children = (
				739391C72B83A80B0000B848 /* ViewController.swift */,
				739391C92B83A80B0000B848 /* Main.storyboard */,
				73CC64E52B8683E600DD72D5 /* CeldaViewCell.swift */,
				73CC64E62B8683E600DD72D5 /* CeldaViewCell.xib */,
				73CC64EF2B86A86A00DD72D5 /* DetalleViewController.swift */,
			);
			path = View;
			sourceTree = "<group>";
		};
		739391DA2B83B1FE0000B848 /* NetworkManager */ = {
			isa = PBXGroup;
			children = (
				739391DF2B83B8000000B848 /* NetworkCountry.swift */,
				73CC64E92B868BE000DD72D5 /* NetworkSearchCountry.swift */,
			);
			path = NetworkManager;
			sourceTree = "<group>";
		};
/* End PBXGroup section */

/* Begin PBXNativeTarget section */
		739391BF2B83A80B0000B848 /* SearchCountry */ = {
			isa = PBXNativeTarget;
			buildConfigurationList = 739391D42B83A80D0000B848 /* Build configuration list for PBXNativeTarget "SearchCountry" */;
			buildPhases = (
				739391BC2B83A80B0000B848 /* Sources */,
				739391BD2B83A80B0000B848 /* Frameworks */,
				739391BE2B83A80B0000B848 /* Resources */,
			);
			buildRules = (
			);
			dependencies = (
			);
			name = SearchCountry;
			productName = SearchCountry;
			productReference = 739391C02B83A80B0000B848 /* SearchCountry.app */;
			productType = "com.apple.product-type.application";
		};
/* End PBXNativeTarget section */

/* Begin PBXProject section */
		739391B82B83A80B0000B848 /* Project object */ = {
			isa = PBXProject;
			attributes = {
				BuildIndependentTargetsInParallel = 1;
				LastSwiftUpdateCheck = 1500;
				LastUpgradeCheck = 1500;
				TargetAttributes = {
					739391BF2B83A80B0000B848 = {
						CreatedOnToolsVersion = 15.0.1;
					};
				};
			};
			buildConfigurationList = 739391BB2B83A80B0000B848 /* Build configuration list for PBXProject "SearchCountry" */;
			compatibilityVersion = "Xcode 14.0";
			developmentRegion = en;
			hasScannedForEncodings = 0;
			knownRegions = (
				en,
				Base,
			);
			mainGroup = 739391B72B83A80B0000B848;
			productRefGroup = 739391C12B83A80B0000B848 /* Products */;
			projectDirPath = "";
			projectRoot = "";
			targets = (
				739391BF2B83A80B0000B848 /* SearchCountry */,
			);
		};
/* End PBXProject section */

/* Begin PBXResourcesBuildPhase section */
		739391BE2B83A80B0000B848 /* Resources */ = {
			isa = PBXResourcesBuildPhase;
			buildActionMask = 2147483647;
			files = (
				739391D02B83A80D0000B848 /* LaunchScreen.storyboard in Resources */,
				739391CD2B83A80D0000B848 /* Assets.xcassets in Resources */,
				73CC64E82B8683E600DD72D5 /* CeldaViewCell.xib in Resources */,
				739391CB2B83A80B0000B848 /* Main.storyboard in Resources */,
			);
			runOnlyForDeploymentPostprocessing = 0;
		};
/* End PBXResourcesBuildPhase section */

/* Begin PBXSourcesBuildPhase section */
		739391BC2B83A80B0000B848 /* Sources */ = {
			isa = PBXSourcesBuildPhase;
			buildActionMask = 2147483647;
			files = (
				739391DE2B83B4C30000B848 /* ContrySearchModel.swift in Sources */,
				739391C82B83A80B0000B848 /* ViewController.swift in Sources */,
				73CC64E72B8683E600DD72D5 /* CeldaViewCell.swift in Sources */,
				73CC64EC2B868EED00DD72D5 /* SearchCountryViewModel.swift in Sources */,
				73CC64EA2B868BE000DD72D5 /* NetworkSearchCountry.swift in Sources */,
				73CC64F02B86A86B00DD72D5 /* DetalleViewController.swift in Sources */,
				739391C42B83A80B0000B848 /* AppDelegate.swift in Sources */,
				739391E02B83B8000000B848 /* NetworkCountry.swift in Sources */,
				739391DC2B83B4900000B848 /* CountryModel.swift in Sources */,
				739391E22B83BF430000B848 /* CountryViewModel.swift in Sources */,
				739391C62B83A80B0000B848 /* SceneDelegate.swift in Sources */,
			);
			runOnlyForDeploymentPostprocessing = 0;
		};
/* End PBXSourcesBuildPhase section */

/* Begin PBXVariantGroup section */
		739391C92B83A80B0000B848 /* Main.storyboard */ = {
			isa = PBXVariantGroup;
			children = (
				739391CA2B83A80B0000B848 /* Base */,
			);
			name = Main.storyboard;
			sourceTree = "<group>";
		};
		739391CE2B83A80D0000B848 /* LaunchScreen.storyboard */ = {
			isa = PBXVariantGroup;
			children = (
				739391CF2B83A80D0000B848 /* Base */,
			);
			name = LaunchScreen.storyboard;
			sourceTree = "<group>";
		};
/* End PBXVariantGroup section */

/* Begin XCBuildConfiguration section */
		739391D22B83A80D0000B848 /* Debug */ = {
			isa = XCBuildConfiguration;
			buildSettings = {
				ALWAYS_SEARCH_USER_PATHS = NO;
				ASSETCATALOG_COMPILER_GENERATE_SWIFT_ASSET_SYMBOL_EXTENSIONS = YES;
				CLANG_ANALYZER_NONNULL = YES;
				CLANG_ANALYZER_NUMBER_OBJECT_CONVERSION = YES_AGGRESSIVE;
				CLANG_CXX_LANGUAGE_STANDARD = "gnu++20";
				CLANG_ENABLE_MODULES = YES;
				CLANG_ENABLE_OBJC_ARC = YES;
				CLANG_ENABLE_OBJC_WEAK = YES;
				CLANG_WARN_BLOCK_CAPTURE_AUTORELEASING = YES;
				CLANG_WARN_BOOL_CONVERSION = YES;
				CLANG_WARN_COMMA = YES;
				CLANG_WARN_CONSTANT_CONVERSION = YES;
				CLANG_WARN_DEPRECATED_OBJC_IMPLEMENTATIONS = YES;
				CLANG_WARN_DIRECT_OBJC_ISA_USAGE = YES_ERROR;
				CLANG_WARN_DOCUMENTATION_COMMENTS = YES;
				CLANG_WARN_EMPTY_BODY = YES;
				CLANG_WARN_ENUM_CONVERSION = YES;
				CLANG_WARN_INFINITE_RECURSION = YES;
				CLANG_WARN_INT_CONVERSION = YES;
				CLANG_WARN_NON_LITERAL_NULL_CONVERSION = YES;
				CLANG_WARN_OBJC_IMPLICIT_RETAIN_SELF = YES;
				CLANG_WARN_OBJC_LITERAL_CONVERSION = YES;
				CLANG_WARN_OBJC_ROOT_CLASS = YES_ERROR;
				CLANG_WARN_QUOTED_INCLUDE_IN_FRAMEWORK_HEADER = YES;
				CLANG_WARN_RANGE_LOOP_ANALYSIS = YES;
				CLANG_WARN_STRICT_PROTOTYPES = YES;
				CLANG_WARN_SUSPICIOUS_MOVE = YES;
				CLANG_WARN_UNGUARDED_AVAILABILITY = YES_AGGRESSIVE;
				CLANG_WARN_UNREACHABLE_CODE = YES;
				CLANG_WARN__DUPLICATE_METHOD_MATCH = YES;
				COPY_PHASE_STRIP = NO;
				DEBUG_INFORMATION_FORMAT = dwarf;
				ENABLE_STRICT_OBJC_MSGSEND = YES;
				ENABLE_TESTABILITY = YES;
				ENABLE_USER_SCRIPT_SANDBOXING = YES;
				GCC_C_LANGUAGE_STANDARD = gnu17;
				GCC_DYNAMIC_NO_PIC = NO;
				GCC_NO_COMMON_BLOCKS = YES;
				GCC_OPTIMIZATION_LEVEL = 0;
				GCC_PREPROCESSOR_DEFINITIONS = (
					"DEBUG=1",
					"$(inherited)",
				);
				GCC_WARN_64_TO_32_BIT_CONVERSION = YES;
				GCC_WARN_ABOUT_RETURN_TYPE = YES_ERROR;
				GCC_WARN_UNDECLARED_SELECTOR = YES;
				GCC_WARN_UNINITIALIZED_AUTOS = YES_AGGRESSIVE;
				GCC_WARN_UNUSED_FUNCTION = YES;
				GCC_WARN_UNUSED_VARIABLE = YES;
				IPHONEOS_DEPLOYMENT_TARGET = 17.0;
				LOCALIZATION_PREFERS_STRING_CATALOGS = YES;
				MTL_ENABLE_DEBUG_INFO = INCLUDE_SOURCE;
				MTL_FAST_MATH = YES;
				ONLY_ACTIVE_ARCH = YES;
				SDKROOT = iphoneos;
				SWIFT_ACTIVE_COMPILATION_CONDITIONS = "DEBUG $(inherited)";
				SWIFT_OPTIMIZATION_LEVEL = "-Onone";
			};
			name = Debug;
		};
		739391D32B83A80D0000B848 /* Release */ = {
			isa = XCBuildConfiguration;
			buildSettings = {
				ALWAYS_SEARCH_USER_PATHS = NO;
				ASSETCATALOG_COMPILER_GENERATE_SWIFT_ASSET_SYMBOL_EXTENSIONS = YES;
				CLANG_ANALYZER_NONNULL = YES;
				CLANG_ANALYZER_NUMBER_OBJECT_CONVERSION = YES_AGGRESSIVE;
				CLANG_CXX_LANGUAGE_STANDARD = "gnu++20";
				CLANG_ENABLE_MODULES = YES;
				CLANG_ENABLE_OBJC_ARC = YES;
				CLANG_ENABLE_OBJC_WEAK = YES;
				CLANG_WARN_BLOCK_CAPTURE_AUTORELEASING = YES;
				CLANG_WARN_BOOL_CONVERSION = YES;
				CLANG_WARN_COMMA = YES;
				CLANG_WARN_CONSTANT_CONVERSION = YES;
				CLANG_WARN_DEPRECATED_OBJC_IMPLEMENTATIONS = YES;
				CLANG_WARN_DIRECT_OBJC_ISA_USAGE = YES_ERROR;
				CLANG_WARN_DOCUMENTATION_COMMENTS = YES;
				CLANG_WARN_EMPTY_BODY = YES;
				CLANG_WARN_ENUM_CONVERSION = YES;
				CLANG_WARN_INFINITE_RECURSION = YES;
				CLANG_WARN_INT_CONVERSION = YES;
				CLANG_WARN_NON_LITERAL_NULL_CONVERSION = YES;
				CLANG_WARN_OBJC_IMPLICIT_RETAIN_SELF = YES;
				CLANG_WARN_OBJC_LITERAL_CONVERSION = YES;
				CLANG_WARN_OBJC_ROOT_CLASS = YES_ERROR;
				CLANG_WARN_QUOTED_INCLUDE_IN_FRAMEWORK_HEADER = YES;
				CLANG_WARN_RANGE_LOOP_ANALYSIS = YES;
				CLANG_WARN_STRICT_PROTOTYPES = YES;
				CLANG_WARN_SUSPICIOUS_MOVE = YES;
				CLANG_WARN_UNGUARDED_AVAILABILITY = YES_AGGRESSIVE;
				CLANG_WARN_UNREACHABLE_CODE = YES;
				CLANG_WARN__DUPLICATE_METHOD_MATCH = YES;
				COPY_PHASE_STRIP = NO;
				DEBUG_INFORMATION_FORMAT = "dwarf-with-dsym";
				ENABLE_NS_ASSERTIONS = NO;
				ENABLE_STRICT_OBJC_MSGSEND = YES;
				ENABLE_USER_SCRIPT_SANDBOXING = YES;
				GCC_C_LANGUAGE_STANDARD = gnu17;
				GCC_NO_COMMON_BLOCKS = YES;
				GCC_WARN_64_TO_32_BIT_CONVERSION = YES;
				GCC_WARN_ABOUT_RETURN_TYPE = YES_ERROR;
				GCC_WARN_UNDECLARED_SELECTOR = YES;
				GCC_WARN_UNINITIALIZED_AUTOS = YES_AGGRESSIVE;
				GCC_WARN_UNUSED_FUNCTION = YES;
				GCC_WARN_UNUSED_VARIABLE = YES;
				IPHONEOS_DEPLOYMENT_TARGET = 17.0;
				LOCALIZATION_PREFERS_STRING_CATALOGS = YES;
				MTL_ENABLE_DEBUG_INFO = NO;
				MTL_FAST_MATH = YES;
				SDKROOT = iphoneos;
				SWIFT_COMPILATION_MODE = wholemodule;
				VALIDATE_PRODUCT = YES;
			};
			name = Release;
		};
		739391D52B83A80D0000B848 /* Debug */ = {
			isa = XCBuildConfiguration;
			buildSettings = {
				ASSETCATALOG_COMPILER_APPICON_NAME = AppIcon;
				ASSETCATALOG_COMPILER_GLOBAL_ACCENT_COLOR_NAME = AccentColor;
				CODE_SIGN_STYLE = Automatic;
				CURRENT_PROJECT_VERSION = 1;
				GENERATE_INFOPLIST_FILE = YES;
				INFOPLIST_FILE = SearchCountry/Info.plist;
				INFOPLIST_KEY_UIApplicationSupportsIndirectInputEvents = YES;
				INFOPLIST_KEY_UILaunchStoryboardName = LaunchScreen;
				INFOPLIST_KEY_UIMainStoryboardFile = Main;
				INFOPLIST_KEY_UISupportedInterfaceOrientations_iPad = "UIInterfaceOrientationPortrait UIInterfaceOrientationPortraitUpsideDown UIInterfaceOrientationLandscapeLeft UIInterfaceOrientationLandscapeRight";
				INFOPLIST_KEY_UISupportedInterfaceOrientations_iPhone = "UIInterfaceOrientationPortrait UIInterfaceOrientationLandscapeLeft UIInterfaceOrientationLandscapeRight";
				IPHONEOS_DEPLOYMENT_TARGET = 17.0;
				LD_RUNPATH_SEARCH_PATHS = (
					"$(inherited)",
					"@executable_path/Frameworks",
				);
				MARKETING_VERSION = 1.0;
				PRODUCT_BUNDLE_IDENTIFIER = holahacker01.com.SearchCountry;
				PRODUCT_NAME = "$(TARGET_NAME)";
				SWIFT_EMIT_LOC_STRINGS = YES;
				SWIFT_VERSION = 5.0;
				TARGETED_DEVICE_FAMILY = "1,2";
			};
			name = Debug;
		};
		739391D62B83A80D0000B848 /* Release */ = {
			isa = XCBuildConfiguration;
			buildSettings = {
				ASSETCATALOG_COMPILER_APPICON_NAME = AppIcon;
				ASSETCATALOG_COMPILER_GLOBAL_ACCENT_COLOR_NAME = AccentColor;
				CODE_SIGN_STYLE = Automatic;
				CURRENT_PROJECT_VERSION = 1;
				GENERATE_INFOPLIST_FILE = YES;
				INFOPLIST_FILE = SearchCountry/Info.plist;
				INFOPLIST_KEY_UIApplicationSupportsIndirectInputEvents = YES;
				INFOPLIST_KEY_UILaunchStoryboardName = LaunchScreen;
				INFOPLIST_KEY_UIMainStoryboardFile = Main;
				INFOPLIST_KEY_UISupportedInterfaceOrientations_iPad = "UIInterfaceOrientationPortrait UIInterfaceOrientationPortraitUpsideDown UIInterfaceOrientationLandscapeLeft UIInterfaceOrientationLandscapeRight";
				INFOPLIST_KEY_UISupportedInterfaceOrientations_iPhone = "UIInterfaceOrientationPortrait UIInterfaceOrientationLandscapeLeft UIInterfaceOrientationLandscapeRight";
				IPHONEOS_DEPLOYMENT_TARGET = 17.0;
				LD_RUNPATH_SEARCH_PATHS = (
					"$(inherited)",
					"@executable_path/Frameworks",
				);
				MARKETING_VERSION = 1.0;
				PRODUCT_BUNDLE_IDENTIFIER = holahacker01.com.SearchCountry;
				PRODUCT_NAME = "$(TARGET_NAME)";
				SWIFT_EMIT_LOC_STRINGS = YES;
				SWIFT_VERSION = 5.0;
				TARGETED_DEVICE_FAMILY = "1,2";
			};
			name = Release;
		};
/* End XCBuildConfiguration section */

/* Begin XCConfigurationList section */
		739391BB2B83A80B0000B848 /* Build configuration list for PBXProject "SearchCountry" */ = {
			isa = XCConfigurationList;
			buildConfigurations = (
				739391D22B83A80D0000B848 /* Debug */,
				739391D32B83A80D0000B848 /* Release */,
			);
			defaultConfigurationIsVisible = 0;
			defaultConfigurationName = Release;
		};
		739391D42B83A80D0000B848 /* Build configuration list for PBXNativeTarget "SearchCountry" */ = {
			isa = XCConfigurationList;
			buildConfigurations = (
				739391D52B83A80D0000B848 /* Debug */,
				739391D62B83A80D0000B848 /* Release */,
			);
			defaultConfigurationIsVisible = 0;
			defaultConfigurationName = Release;
		};
/* End XCConfigurationList section */
	};
	rootObject = 739391B82B83A80B0000B848 /* Project object */;
}
